
Microsoft Visual Studio Solution File, Format Version 12.00
# Visual Studio Version 16
VisualStudioVersion = 25.0.1706.7
MinimumVisualStudioVersion = 10.0.40219.1
Project("{FAE04EC0-301F-11D3-BF4B-00C04F79EFBC}") = "thirdChecking", "thirdChecking\thirdChecking.csproj", "{F24114D0-F602-41DE-ADBC-4449D552291F}"
EndProject
Global
	GlobalSection(SolutionConfigurationPlatforms) = preSolution
		Debug|Any CPU = Debug|Any CPU
		Release|Any CPU = Release|Any CPU
	EndGlobalSection
	GlobalSection(ProjectConfigurationPlatforms) = postSolution
		{F24114D0-F602-41DE-ADBC-4449D552291F}.Debug|Any CPU.ActiveCfg = Debug|Any CPU
		{F24114D0-F602-41DE-ADBC-4449D552291F}.Debug|Any CPU.Build.0 = Debug|Any CPU
		{F24114D0-F602-41DE-ADBC-4449D552291F}.Release|Any CPU.ActiveCfg = Release|Any CPU
		{F24114D0-F602-41DE-ADBC-4449D552291F}.Release|Any CPU.Build.0 = Release|Any CPU
	EndGlobalSection
	GlobalSection(SolutionProperties) = preSolution
		HideSolutionNode = FALSE
	EndGlobalSection
	GlobalSection(ExtensibilityGlobals) = postSolution
		SolutionGuid = {18B46774-407D-4D0D-8EA6-CD63F05B39F5}
	EndGlobalSection
EndGlobal
